{
  "name": "lycheedev",
  "version": "2.0.0-dev",
  "lockfileVersion": 3,
  "requires": true,
  "packages": {
    "": {
      "name": "lycheedev",
      "version": "2.0.0-dev",
      "license": "UNLICENSED",
      "bin": {
        "lycheedev": "bin/lycheedev.mjs"
      },
      "engines": {
        "node": ">=22.14.0"
      }
    }
  }
}
